
Microsoft Visual Studio Solution File, Format Version 12.00
# Visual Studio Version 16
VisualStudioVersion = 16.0.31129.286
MinimumVisualStudioVersion = 10.0.40219.1
Project("{8BC9CEB8-8B4A-11D0-8D11-00A0C91BC942}") = "HW 1 05.04.2021", "HW 1 05.04.2021\HW 1 05.04.2021.vcxproj", "{03D336FE-DA1E-440E-B60B-1127524A5529}"
EndProject
Project("{8BC9CEB8-8B4A-11D0-8D11-00A0C91BC942}") = "HW 2 05.04.2021", "HW 2 05.04.2021\HW 2 05.04.2021.vcxproj", "{CB19AD87-EE89-48B8-AFDB-0E411CDA12EC}"
EndProject
Global
	GlobalSection(SolutionConfigurationPlatforms) = preSolution
		Debug|x64 = Debug|x64
		Debug|x86 = Debug|x86
		Release|x64 = Release|x64
		Release|x86 = Release|x86
	EndGlobalSection
	GlobalSection(ProjectConfigurationPlatforms) = postSolution
		{03D336FE-DA1E-440E-B60B-1127524A5529}.Debug|x64.ActiveCfg = Debug|x64
		{03D336FE-DA1E-440E-B60B-1127524A5529}.Debug|x64.Build.0 = Debug|x64
		{03D336FE-DA1E-440E-B60B-1127524A5529}.Debug|x86.ActiveCfg = Debug|Win32
		{03D336FE-DA1E-440E-B60B-1127524A5529}.Debug|x86.Build.0 = Debug|Win32
		{03D336FE-DA1E-440E-B60B-1127524A5529}.Release|x64.ActiveCfg = Release|x64
		{03D336FE-DA1E-440E-B60B-1127524A5529}.Release|x64.Build.0 = Release|x64
		{03D336FE-DA1E-440E-B60B-1127524A5529}.Release|x86.ActiveCfg = Release|Win32
		{03D336FE-DA1E-440E-B60B-1127524A5529}.Release|x86.Build.0 = Release|Win32
		{CB19AD87-EE89-48B8-AFDB-0E411CDA12EC}.Debug|x64.ActiveCfg = Debug|x64
		{CB19AD87-EE89-48B8-AFDB-0E411CDA12EC}.Debug|x64.Build.0 = Debug|x64
		{CB19AD87-EE89-48B8-AFDB-0E411CDA12EC}.Debug|x86.ActiveCfg = Debug|Win32
		{CB19AD87-EE89-48B8-AFDB-0E411CDA12EC}.Debug|x86.Build.0 = Debug|Win32
		{CB19AD87-EE89-48B8-AFDB-0E411CDA12EC}.Release|x64.ActiveCfg = Release|x64
		{CB19AD87-EE89-48B8-AFDB-0E411CDA12EC}.Release|x64.Build.0 = Release|x64
		{CB19AD87-EE89-48B8-AFDB-0E411CDA12EC}.Release|x86.ActiveCfg = Release|Win32
		{CB19AD87-EE89-48B8-AFDB-0E411CDA12EC}.Release|x86.Build.0 = Release|Win32
	EndGlobalSection
	GlobalSection(SolutionProperties) = preSolution
		HideSolutionNode = FALSE
	EndGlobalSection
	GlobalSection(ExtensibilityGlobals) = postSolution
		SolutionGuid = {7F876908-D31F-4E56-90F7-1910DD92E9EF}
	EndGlobalSection
EndGlobal
