
Microsoft Visual Studio Solution File, Format Version 12.00
# Visual Studio Version 16
VisualStudioVersion = 16.0.31129.286
MinimumVisualStudioVersion = 10.0.40219.1
Project("{8BC9CEB8-8B4A-11D0-8D11-00A0C91BC942}") = "HW 1 18.04.2021", "HW 1 18.04.2021\HW 1 18.04.2021.vcxproj", "{0C866418-DCD0-4315-AC41-436D922F5A93}"
EndProject
Global
	GlobalSection(SolutionConfigurationPlatforms) = preSolution
		Debug|x64 = Debug|x64
		Debug|x86 = Debug|x86
		Release|x64 = Release|x64
		Release|x86 = Release|x86
	EndGlobalSection
	GlobalSection(ProjectConfigurationPlatforms) = postSolution
		{0C866418-DCD0-4315-AC41-436D922F5A93}.Debug|x64.ActiveCfg = Debug|x64
		{0C866418-DCD0-4315-AC41-436D922F5A93}.Debug|x64.Build.0 = Debug|x64
		{0C866418-DCD0-4315-AC41-436D922F5A93}.Debug|x86.ActiveCfg = Debug|Win32
		{0C866418-DCD0-4315-AC41-436D922F5A93}.Debug|x86.Build.0 = Debug|Win32
		{0C866418-DCD0-4315-AC41-436D922F5A93}.Release|x64.ActiveCfg = Release|x64
		{0C866418-DCD0-4315-AC41-436D922F5A93}.Release|x64.Build.0 = Release|x64
		{0C866418-DCD0-4315-AC41-436D922F5A93}.Release|x86.ActiveCfg = Release|Win32
		{0C866418-DCD0-4315-AC41-436D922F5A93}.Release|x86.Build.0 = Release|Win32
	EndGlobalSection
	GlobalSection(SolutionProperties) = preSolution
		HideSolutionNode = FALSE
	EndGlobalSection
	GlobalSection(ExtensibilityGlobals) = postSolution
		SolutionGuid = {EE32326C-DF43-47FA-BC0B-B0525EC1795D}
	EndGlobalSection
EndGlobal
