
Microsoft Visual Studio Solution File, Format Version 12.00
# Visual Studio Version 16
VisualStudioVersion = 16.0.31019.35
MinimumVisualStudioVersion = 10.0.40219.1
Project("{8BC9CEB8-8B4A-11D0-8D11-00A0C91BC942}") = "HW 1 08.03.2021", "HW 1 08.03.2021\HW 1 08.03.2021.vcxproj", "{0E112D25-82B0-4986-9490-4494749D8AC9}"
EndProject
Project("{8BC9CEB8-8B4A-11D0-8D11-00A0C91BC942}") = "HW 2 08.03.2021", "HW 2 08.03.2021\HW 2 08.03.2021.vcxproj", "{C8653742-A87C-4BCD-8310-4F85AE1140D9}"
EndProject
Project("{8BC9CEB8-8B4A-11D0-8D11-00A0C91BC942}") = "HW 3 08.03.2021", "HW 3 08.03.2021\HW 3 08.03.2021.vcxproj", "{48B5B563-EA22-4221-ACAF-21FD421BEC5C}"
EndProject
Project("{8BC9CEB8-8B4A-11D0-8D11-00A0C91BC942}") = "HW 4 08.03.2021", "HW 4 08.03.2021\HW 4 08.03.2021.vcxproj", "{136D23D8-5288-4D72-98FA-512E94290BF5}"
EndProject
Project("{8BC9CEB8-8B4A-11D0-8D11-00A0C91BC942}") = "HW 5 08.03.2021", "HW 5 08.03.2021\HW 5 08.03.2021.vcxproj", "{05B60979-EA7C-46A4-AA45-D0AA6935E807}"
EndProject
Project("{8BC9CEB8-8B4A-11D0-8D11-00A0C91BC942}") = "HW 6 08.03.2021", "HW 6 08.03.2021\HW 6 08.03.2021.vcxproj", "{D9237E71-6936-4F69-98C5-FCDFE989F6CF}"
EndProject
Project("{8BC9CEB8-8B4A-11D0-8D11-00A0C91BC942}") = "HW 7 08.03.2021", "HW 7 08.03.2021\HW 7 08.03.2021.vcxproj", "{C9DC67D9-BCD8-4E81-843C-AB7F404A616C}"
EndProject
Project("{8BC9CEB8-8B4A-11D0-8D11-00A0C91BC942}") = "HW 8 08.03.2021", "HW 8 08.03.2021\HW 8 08.03.2021.vcxproj", "{88565E1A-F867-4ECC-9A87-F163AF6669FD}"
EndProject
Project("{8BC9CEB8-8B4A-11D0-8D11-00A0C91BC942}") = "HW 9 08.03.2021", "HW 9 08.03.2021\HW 9 08.03.2021.vcxproj", "{AF53C4B5-51B5-465F-BEBD-FC12A68D7D7B}"
EndProject
Project("{8BC9CEB8-8B4A-11D0-8D11-00A0C91BC942}") = "HW 10 08.03.2021", "HW 10 08.03.2021\HW 10 08.03.2021.vcxproj", "{E51E0051-ACA6-49EA-A68C-DFBEAD372EC0}"
EndProject
Project("{8BC9CEB8-8B4A-11D0-8D11-00A0C91BC942}") = "HW 11 08.03.2021", "HW 11 08.03.2021\HW 11 08.03.2021.vcxproj", "{D6BBE53E-F2C0-4F85-92D2-38FA18D333D0}"
EndProject
Project("{8BC9CEB8-8B4A-11D0-8D11-00A0C91BC942}") = "HW 12 08.03.2021", "HW 12 08.03.2021\HW 12 08.03.2021.vcxproj", "{C89A5C70-CD3C-4C74-9D7A-53AA6B43571E}"
EndProject
Project("{8BC9CEB8-8B4A-11D0-8D11-00A0C91BC942}") = "HW 13 08.03.2021", "HW 13 08.03.2021\HW 13 08.03.2021.vcxproj", "{7DF4A3C6-C611-49FD-913F-05D04855B6B2}"
EndProject
Global
	GlobalSection(SolutionConfigurationPlatforms) = preSolution
		Debug|x64 = Debug|x64
		Debug|x86 = Debug|x86
		Release|x64 = Release|x64
		Release|x86 = Release|x86
	EndGlobalSection
	GlobalSection(ProjectConfigurationPlatforms) = postSolution
		{0E112D25-82B0-4986-9490-4494749D8AC9}.Debug|x64.ActiveCfg = Debug|x64
		{0E112D25-82B0-4986-9490-4494749D8AC9}.Debug|x64.Build.0 = Debug|x64
		{0E112D25-82B0-4986-9490-4494749D8AC9}.Debug|x86.ActiveCfg = Debug|Win32
		{0E112D25-82B0-4986-9490-4494749D8AC9}.Debug|x86.Build.0 = Debug|Win32
		{0E112D25-82B0-4986-9490-4494749D8AC9}.Release|x64.ActiveCfg = Release|x64
		{0E112D25-82B0-4986-9490-4494749D8AC9}.Release|x64.Build.0 = Release|x64
		{0E112D25-82B0-4986-9490-4494749D8AC9}.Release|x86.ActiveCfg = Release|Win32
		{0E112D25-82B0-4986-9490-4494749D8AC9}.Release|x86.Build.0 = Release|Win32
		{C8653742-A87C-4BCD-8310-4F85AE1140D9}.Debug|x64.ActiveCfg = Debug|x64
		{C8653742-A87C-4BCD-8310-4F85AE1140D9}.Debug|x64.Build.0 = Debug|x64
		{C8653742-A87C-4BCD-8310-4F85AE1140D9}.Debug|x86.ActiveCfg = Debug|Win32
		{C8653742-A87C-4BCD-8310-4F85AE1140D9}.Debug|x86.Build.0 = Debug|Win32
		{C8653742-A87C-4BCD-8310-4F85AE1140D9}.Release|x64.ActiveCfg = Release|x64
		{C8653742-A87C-4BCD-8310-4F85AE1140D9}.Release|x64.Build.0 = Release|x64
		{C8653742-A87C-4BCD-8310-4F85AE1140D9}.Release|x86.ActiveCfg = Release|Win32
		{C8653742-A87C-4BCD-8310-4F85AE1140D9}.Release|x86.Build.0 = Release|Win32
		{48B5B563-EA22-4221-ACAF-21FD421BEC5C}.Debug|x64.ActiveCfg = Debug|x64
		{48B5B563-EA22-4221-ACAF-21FD421BEC5C}.Debug|x64.Build.0 = Debug|x64
		{48B5B563-EA22-4221-ACAF-21FD421BEC5C}.Debug|x86.ActiveCfg = Debug|Win32
		{48B5B563-EA22-4221-ACAF-21FD421BEC5C}.Debug|x86.Build.0 = Debug|Win32
		{48B5B563-EA22-4221-ACAF-21FD421BEC5C}.Release|x64.ActiveCfg = Release|x64
		{48B5B563-EA22-4221-ACAF-21FD421BEC5C}.Release|x64.Build.0 = Release|x64
		{48B5B563-EA22-4221-ACAF-21FD421BEC5C}.Release|x86.ActiveCfg = Release|Win32
		{48B5B563-EA22-4221-ACAF-21FD421BEC5C}.Release|x86.Build.0 = Release|Win32
		{136D23D8-5288-4D72-98FA-512E94290BF5}.Debug|x64.ActiveCfg = Debug|x64
		{136D23D8-5288-4D72-98FA-512E94290BF5}.Debug|x64.Build.0 = Debug|x64
		{136D23D8-5288-4D72-98FA-512E94290BF5}.Debug|x86.ActiveCfg = Debug|Win32
		{136D23D8-5288-4D72-98FA-512E94290BF5}.Debug|x86.Build.0 = Debug|Win32
		{136D23D8-5288-4D72-98FA-512E94290BF5}.Release|x64.ActiveCfg = Release|x64
		{136D23D8-5288-4D72-98FA-512E94290BF5}.Release|x64.Build.0 = Release|x64
		{136D23D8-5288-4D72-98FA-512E94290BF5}.Release|x86.ActiveCfg = Release|Win32
		{136D23D8-5288-4D72-98FA-512E94290BF5}.Release|x86.Build.0 = Release|Win32
		{05B60979-EA7C-46A4-AA45-D0AA6935E807}.Debug|x64.ActiveCfg = Debug|x64
		{05B60979-EA7C-46A4-AA45-D0AA6935E807}.Debug|x64.Build.0 = Debug|x64
		{05B60979-EA7C-46A4-AA45-D0AA6935E807}.Debug|x86.ActiveCfg = Debug|Win32
		{05B60979-EA7C-46A4-AA45-D0AA6935E807}.Debug|x86.Build.0 = Debug|Win32
		{05B60979-EA7C-46A4-AA45-D0AA6935E807}.Release|x64.ActiveCfg = Release|x64
		{05B60979-EA7C-46A4-AA45-D0AA6935E807}.Release|x64.Build.0 = Release|x64
		{05B60979-EA7C-46A4-AA45-D0AA6935E807}.Release|x86.ActiveCfg = Release|Win32
		{05B60979-EA7C-46A4-AA45-D0AA6935E807}.Release|x86.Build.0 = Release|Win32
		{D9237E71-6936-4F69-98C5-FCDFE989F6CF}.Debug|x64.ActiveCfg = Debug|x64
		{D9237E71-6936-4F69-98C5-FCDFE989F6CF}.Debug|x64.Build.0 = Debug|x64
		{D9237E71-6936-4F69-98C5-FCDFE989F6CF}.Debug|x86.ActiveCfg = Debug|Win32
		{D9237E71-6936-4F69-98C5-FCDFE989F6CF}.Debug|x86.Build.0 = Debug|Win32
		{D9237E71-6936-4F69-98C5-FCDFE989F6CF}.Release|x64.ActiveCfg = Release|x64
		{D9237E71-6936-4F69-98C5-FCDFE989F6CF}.Release|x64.Build.0 = Release|x64
		{D9237E71-6936-4F69-98C5-FCDFE989F6CF}.Release|x86.ActiveCfg = Release|Win32
		{D9237E71-6936-4F69-98C5-FCDFE989F6CF}.Release|x86.Build.0 = Release|Win32
		{C9DC67D9-BCD8-4E81-843C-AB7F404A616C}.Debug|x64.ActiveCfg = Debug|x64
		{C9DC67D9-BCD8-4E81-843C-AB7F404A616C}.Debug|x64.Build.0 = Debug|x64
		{C9DC67D9-BCD8-4E81-843C-AB7F404A616C}.Debug|x86.ActiveCfg = Debug|Win32
		{C9DC67D9-BCD8-4E81-843C-AB7F404A616C}.Debug|x86.Build.0 = Debug|Win32
		{C9DC67D9-BCD8-4E81-843C-AB7F404A616C}.Release|x64.ActiveCfg = Release|x64
		{C9DC67D9-BCD8-4E81-843C-AB7F404A616C}.Release|x64.Build.0 = Release|x64
		{C9DC67D9-BCD8-4E81-843C-AB7F404A616C}.Release|x86.ActiveCfg = Release|Win32
		{C9DC67D9-BCD8-4E81-843C-AB7F404A616C}.Release|x86.Build.0 = Release|Win32
		{88565E1A-F867-4ECC-9A87-F163AF6669FD}.Debug|x64.ActiveCfg = Debug|x64
		{88565E1A-F867-4ECC-9A87-F163AF6669FD}.Debug|x64.Build.0 = Debug|x64
		{88565E1A-F867-4ECC-9A87-F163AF6669FD}.Debug|x86.ActiveCfg = Debug|Win32
		{88565E1A-F867-4ECC-9A87-F163AF6669FD}.Debug|x86.Build.0 = Debug|Win32
		{88565E1A-F867-4ECC-9A87-F163AF6669FD}.Release|x64.ActiveCfg = Release|x64
		{88565E1A-F867-4ECC-9A87-F163AF6669FD}.Release|x64.Build.0 = Release|x64
		{88565E1A-F867-4ECC-9A87-F163AF6669FD}.Release|x86.ActiveCfg = Release|Win32
		{88565E1A-F867-4ECC-9A87-F163AF6669FD}.Release|x86.Build.0 = Release|Win32
		{AF53C4B5-51B5-465F-BEBD-FC12A68D7D7B}.Debug|x64.ActiveCfg = Debug|x64
		{AF53C4B5-51B5-465F-BEBD-FC12A68D7D7B}.Debug|x64.Build.0 = Debug|x64
		{AF53C4B5-51B5-465F-BEBD-FC12A68D7D7B}.Debug|x86.ActiveCfg = Debug|Win32
		{AF53C4B5-51B5-465F-BEBD-FC12A68D7D7B}.Debug|x86.Build.0 = Debug|Win32
		{AF53C4B5-51B5-465F-BEBD-FC12A68D7D7B}.Release|x64.ActiveCfg = Release|x64
		{AF53C4B5-51B5-465F-BEBD-FC12A68D7D7B}.Release|x64.Build.0 = Release|x64
		{AF53C4B5-51B5-465F-BEBD-FC12A68D7D7B}.Release|x86.ActiveCfg = Release|Win32
		{AF53C4B5-51B5-465F-BEBD-FC12A68D7D7B}.Release|x86.Build.0 = Release|Win32
		{E51E0051-ACA6-49EA-A68C-DFBEAD372EC0}.Debug|x64.ActiveCfg = Debug|x64
		{E51E0051-ACA6-49EA-A68C-DFBEAD372EC0}.Debug|x64.Build.0 = Debug|x64
		{E51E0051-ACA6-49EA-A68C-DFBEAD372EC0}.Debug|x86.ActiveCfg = Debug|Win32
		{E51E0051-ACA6-49EA-A68C-DFBEAD372EC0}.Debug|x86.Build.0 = Debug|Win32
		{E51E0051-ACA6-49EA-A68C-DFBEAD372EC0}.Release|x64.ActiveCfg = Release|x64
		{E51E0051-ACA6-49EA-A68C-DFBEAD372EC0}.Release|x64.Build.0 = Release|x64
		{E51E0051-ACA6-49EA-A68C-DFBEAD372EC0}.Release|x86.ActiveCfg = Release|Win32
		{E51E0051-ACA6-49EA-A68C-DFBEAD372EC0}.Release|x86.Build.0 = Release|Win32
		{D6BBE53E-F2C0-4F85-92D2-38FA18D333D0}.Debug|x64.ActiveCfg = Debug|x64
		{D6BBE53E-F2C0-4F85-92D2-38FA18D333D0}.Debug|x64.Build.0 = Debug|x64
		{D6BBE53E-F2C0-4F85-92D2-38FA18D333D0}.Debug|x86.ActiveCfg = Debug|Win32
		{D6BBE53E-F2C0-4F85-92D2-38FA18D333D0}.Debug|x86.Build.0 = Debug|Win32
		{D6BBE53E-F2C0-4F85-92D2-38FA18D333D0}.Release|x64.ActiveCfg = Release|x64
		{D6BBE53E-F2C0-4F85-92D2-38FA18D333D0}.Release|x64.Build.0 = Release|x64
		{D6BBE53E-F2C0-4F85-92D2-38FA18D333D0}.Release|x86.ActiveCfg = Release|Win32
		{D6BBE53E-F2C0-4F85-92D2-38FA18D333D0}.Release|x86.Build.0 = Release|Win32
		{C89A5C70-CD3C-4C74-9D7A-53AA6B43571E}.Debug|x64.ActiveCfg = Debug|x64
		{C89A5C70-CD3C-4C74-9D7A-53AA6B43571E}.Debug|x64.Build.0 = Debug|x64
		{C89A5C70-CD3C-4C74-9D7A-53AA6B43571E}.Debug|x86.ActiveCfg = Debug|Win32
		{C89A5C70-CD3C-4C74-9D7A-53AA6B43571E}.Debug|x86.Build.0 = Debug|Win32
		{C89A5C70-CD3C-4C74-9D7A-53AA6B43571E}.Release|x64.ActiveCfg = Release|x64
		{C89A5C70-CD3C-4C74-9D7A-53AA6B43571E}.Release|x64.Build.0 = Release|x64
		{C89A5C70-CD3C-4C74-9D7A-53AA6B43571E}.Release|x86.ActiveCfg = Release|Win32
		{C89A5C70-CD3C-4C74-9D7A-53AA6B43571E}.Release|x86.Build.0 = Release|Win32
		{7DF4A3C6-C611-49FD-913F-05D04855B6B2}.Debug|x64.ActiveCfg = Debug|x64
		{7DF4A3C6-C611-49FD-913F-05D04855B6B2}.Debug|x64.Build.0 = Debug|x64
		{7DF4A3C6-C611-49FD-913F-05D04855B6B2}.Debug|x86.ActiveCfg = Debug|Win32
		{7DF4A3C6-C611-49FD-913F-05D04855B6B2}.Debug|x86.Build.0 = Debug|Win32
		{7DF4A3C6-C611-49FD-913F-05D04855B6B2}.Release|x64.ActiveCfg = Release|x64
		{7DF4A3C6-C611-49FD-913F-05D04855B6B2}.Release|x64.Build.0 = Release|x64
		{7DF4A3C6-C611-49FD-913F-05D04855B6B2}.Release|x86.ActiveCfg = Release|Win32
		{7DF4A3C6-C611-49FD-913F-05D04855B6B2}.Release|x86.Build.0 = Release|Win32
	EndGlobalSection
	GlobalSection(SolutionProperties) = preSolution
		HideSolutionNode = FALSE
	EndGlobalSection
	GlobalSection(ExtensibilityGlobals) = postSolution
		SolutionGuid = {A109B93B-D9C3-4C52-9E71-BE4D371617A2}
	EndGlobalSection
EndGlobal
