
Microsoft Visual Studio Solution File, Format Version 12.00
# Visual Studio Version 17
VisualStudioVersion = 17.0.31912.275
MinimumVisualStudioVersion = 10.0.40219.1
Project("{FAE04EC0-301F-11D3-BF4B-00C04F79EFBC}") = "MySQLTutorial", "MySQLTutorial\MySQLTutorial.csproj", "{7245316A-51C9-4E52-9D97-952E5A88D0FB}"
EndProject
Global
	GlobalSection(SolutionConfigurationPlatforms) = preSolution
		Debug|Any CPU = Debug|Any CPU
		Release|Any CPU = Release|Any CPU
	EndGlobalSection
	GlobalSection(ProjectConfigurationPlatforms) = postSolution
		{7245316A-51C9-4E52-9D97-952E5A88D0FB}.Debug|Any CPU.ActiveCfg = Debug|Any CPU
		{7245316A-51C9-4E52-9D97-952E5A88D0FB}.Debug|Any CPU.Build.0 = Debug|Any CPU
		{7245316A-51C9-4E52-9D97-952E5A88D0FB}.Release|Any CPU.ActiveCfg = Release|Any CPU
		{7245316A-51C9-4E52-9D97-952E5A88D0FB}.Release|Any CPU.Build.0 = Release|Any CPU
	EndGlobalSection
	GlobalSection(SolutionProperties) = preSolution
		HideSolutionNode = FALSE
	EndGlobalSection
	GlobalSection(ExtensibilityGlobals) = postSolution
		SolutionGuid = {3E0751C2-355F-469D-9B82-D47570A798D2}
	EndGlobalSection
EndGlobal
