
Microsoft Visual Studio Solution File, Format Version 12.00
# Visual Studio Version 16
VisualStudioVersion = 16.0.31911.196
MinimumVisualStudioVersion = 10.0.40219.1
Project("{FAE04EC0-301F-11D3-BF4B-00C04F79EFBC}") = "ADO_NET", "ADO_NET.csproj", "{BE1E24AA-0001-4F7F-A544-5A7AD741CAB0}"
EndProject
Global
	GlobalSection(SolutionConfigurationPlatforms) = preSolution
		Debug|Any CPU = Debug|Any CPU
		Release|Any CPU = Release|Any CPU
	EndGlobalSection
	GlobalSection(ProjectConfigurationPlatforms) = postSolution
		{BE1E24AA-0001-4F7F-A544-5A7AD741CAB0}.Debug|Any CPU.ActiveCfg = Debug|Any CPU
		{BE1E24AA-0001-4F7F-A544-5A7AD741CAB0}.Debug|Any CPU.Build.0 = Debug|Any CPU
		{BE1E24AA-0001-4F7F-A544-5A7AD741CAB0}.Release|Any CPU.ActiveCfg = Release|Any CPU
		{BE1E24AA-0001-4F7F-A544-5A7AD741CAB0}.Release|Any CPU.Build.0 = Release|Any CPU
	EndGlobalSection
	GlobalSection(SolutionProperties) = preSolution
		HideSolutionNode = FALSE
	EndGlobalSection
	GlobalSection(ExtensibilityGlobals) = postSolution
		SolutionGuid = {E753E5F1-CCA3-47D1-BA13-F99AC46A1959}
	EndGlobalSection
EndGlobal
